{
  "name": "vscodetest",
  "lockfileVersion": 3,
  "requires": true,
  "packages": {
    "": {
      "dependencies": {
        "holiday-kr": "^0.1.5",
        "moment-lunar": "^0.0.4"
      }
    },
    "node_modules/holiday-kr": {
      "version": "0.1.5",
      "resolved": "https://registry.npmjs.org/holiday-kr/-/holiday-kr-0.1.5.tgz",
      "integrity": "sha512-v6rbDvHYNTR2rMyWV+5JhTg6YNkgr6AsvZUEwxX/6dnYJ3SN8zeO4ZXM4vQpUCjbV+Hhm5sB8uJ8LViwIxBtZw=="
    },
    "node_modules/moment": {
      "version": "2.29.4",
      "resolved": "https://registry.npmjs.org/moment/-/moment-2.29.4.tgz",
      "integrity": "sha512-5LC9SOxjSc2HF6vO2CyuTDNivEdoz2IvyJJGj6X8DJ0eFyfszE0QiEd+iXmBvUP3WHxSjFH/vIsA0EN00cgr8w==",
      "engines": {
        "node": "*"
      }
    },
    "node_modules/moment-lunar": {
      "version": "0.0.4",
      "resolved": "https://registry.npmjs.org/moment-lunar/-/moment-lunar-0.0.4.tgz",
      "integrity": "sha512-8+20OOe4+4qpW6E74TqNYLW1Ri8C1BvJjrwsv5tm49SfQzh+b6YcPPn25xXb3JHIhYVAEwc5hvu0B7X8VdQukw==",
      "dependencies": {
        "moment": "^2.17.1"
      }
    }
  }
}
